PODS:
  - Alamofire (3.1.4)
  - Bolts (1.5.0):
    - Bolts/AppLinks (= 1.5.0)
    - Bolts/Tasks (= 1.5.0)
  - Bolts/AppLinks (1.5.0):
    - Bolts/Tasks
  - Bolts/Tasks (1.5.0)
  - Dollar (4.1.0)
  - FBSDKCoreKit (4.8.0):
    - Bolts (~> 1.1)
    - FBSDKCoreKit/arc (= 4.8.0)
    - FBSDKCoreKit/no-arc (= 4.8.0)
  - FBSDKCoreKit/arc (4.8.0):
    - Bolts (~> 1.1)
  - FBSDKCoreKit/no-arc (4.8.0):
    - Bolts (~> 1.1)
    - FBSDKCoreKit/arc
  - FBSDKLoginKit (4.8.0):
    - FBSDKCoreKit
  - FBSDKShareKit (4.8.0):
    - FBSDKCoreKit
  - ReachabilitySwift (2.3.3)
  - SwiftRecord (0.0.4)

DEPENDENCIES:
  - Alamofire (~> 3.0)
  - Dollar
  - FBSDKCoreKit
  - FBSDKLoginKit
  - FBSDKShareKit
  - ReachabilitySwift (from `https://github.com/ashleymills/Reachability.swift`)
  - SwiftRecord

EXTERNAL SOURCES:
  ReachabilitySwift:
    :git: https://github.com/ashleymills/Reachability.swift

CHECKOUT OPTIONS:
  ReachabilitySwift:
    :commit: 217ba79579efbfebd66691666b782ecd04fe5f5b
    :git: https://github.com/ashleymills/Reachability.swift

SPEC CHECKSUMS:
  Alamofire: fbc829692f351fa1d8a31dd75fd7f7f56fea31fb
  Bolts: 722ab9a4f8b50fc4ed1b9998a5a7a2b3f16d80b4
  Dollar: 1ee47922ccdfda5b572c8a4956b08986f1b4c429
  FBSDKCoreKit: 66a935d17b6e00b6b64e604f2eb9b72c9ab7deb8
  FBSDKLoginKit: d893fcbb98d854496925e9ff73c67b896982d3c4
  FBSDKShareKit: e7577ee3adf80fc04fb656dd133fbb522250672b
  ReachabilitySwift: e0f6b6f280effb47731acfaaa2d5ffe223703793
  SwiftRecord: 7498d6f2ebee2c730b0e2c11fc694faab9de02ab

COCOAPODS: 0.39.0
